// !$*UTF8*$!
{
	archiveVersion = 1;
	classes = {
	};
	objectVersion = 56;
	objects = {

/* Begin PBXBuildFile section */
		810332D82A1390DA00390B7D /* AppDelegate.swift in Sources */ = {isa = PBXBuildFile; fileRef = 810332D72A1390DA00390B7D /* AppDelegate.swift */; };
		810332DA2A1390DA00390B7D /* SceneDelegate.swift in Sources */ = {isa = PBXBuildFile; fileRef = 810332D92A1390DA00390B7D /* SceneDelegate.swift */; };
		810332E42A1390DB00390B7D /* Assets.xcassets in Resources */ = {isa = PBXBuildFile; fileRef = 810332E32A1390DB00390B7D /* Assets.xcassets */; };
		810332E72A1390DB00390B7D /* LaunchScreen.storyboard in Resources */ = {isa = PBXBuildFile; fileRef = 810332E52A1390DB00390B7D /* LaunchScreen.storyboard */; };
		810332F32A13D11500390B7D /* EmployeesViewController.swift in Sources */ = {isa = PBXBuildFile; fileRef = 810332F22A13D11500390B7D /* EmployeesViewController.swift */; };
		810333032A1417CB00390B7D /* EmployeeTableViewCell.swift in Sources */ = {isa = PBXBuildFile; fileRef = 810333022A1417CB00390B7D /* EmployeeTableViewCell.swift */; };
		810333052A141A7600390B7D /* GoogleService-Info.plist in Resources */ = {isa = PBXBuildFile; fileRef = 810333042A141A7600390B7D /* GoogleService-Info.plist */; };
		810333082A141AFE00390B7D /* FirebaseFirestore in Frameworks */ = {isa = PBXBuildFile; productRef = 810333072A141AFE00390B7D /* FirebaseFirestore */; };
		8103330A2A141AFE00390B7D /* FirebaseFirestoreSwift in Frameworks */ = {isa = PBXBuildFile; productRef = 810333092A141AFE00390B7D /* FirebaseFirestoreSwift */; };
		8103330C2A141E6400390B7D /* FirestoreManager.swift in Sources */ = {isa = PBXBuildFile; fileRef = 8103330B2A141E6400390B7D /* FirestoreManager.swift */; };
		8103330E2A1423F400390B7D /* EmployeeModel.swift in Sources */ = {isa = PBXBuildFile; fileRef = 8103330D2A1423F400390B7D /* EmployeeModel.swift */; };
		810333102A14240000390B7D /* DepartmentModel.swift in Sources */ = {isa = PBXBuildFile; fileRef = 8103330F2A14240000390B7D /* DepartmentModel.swift */; };
		8170CB102A1628EC000EC80D /* AddUpdateEmployeeView.swift in Sources */ = {isa = PBXBuildFile; fileRef = 8170CB0F2A1628EC000EC80D /* AddUpdateEmployeeView.swift */; };
		8191C7382A1904C800386342 /* EmployeesManager.swift in Sources */ = {isa = PBXBuildFile; fileRef = 8191C7372A1904C800386342 /* EmployeesManager.swift */; };
		8191C73C2A19246600386342 /* DepartmentsViewModel.swift in Sources */ = {isa = PBXBuildFile; fileRef = 8191C73B2A19246600386342 /* DepartmentsViewModel.swift */; };
		8191C74B2A1A3CAC00386342 /* EmployeesViewModel.swift in Sources */ = {isa = PBXBuildFile; fileRef = 8191C74A2A1A3CAC00386342 /* EmployeesViewModel.swift */; };
		8191C74D2A1A466000386342 /* MainTabBarViewController.swift in Sources */ = {isa = PBXBuildFile; fileRef = 8191C74C2A1A466000386342 /* MainTabBarViewController.swift */; };
		8191C74F2A1A470800386342 /* DepartmentsViewController.swift in Sources */ = {isa = PBXBuildFile; fileRef = 8191C74E2A1A470800386342 /* DepartmentsViewController.swift */; };
		8191C7532A1A575E00386342 /* DepartmentTableViewCell.swift in Sources */ = {isa = PBXBuildFile; fileRef = 8191C7522A1A575E00386342 /* DepartmentTableViewCell.swift */; };
		819DF1D12A156B3B001A3269 /* EmployeeDetailedView.swift in Sources */ = {isa = PBXBuildFile; fileRef = 819DF1D02A156B3B001A3269 /* EmployeeDetailedView.swift */; };
		819DF1D52A156C16001A3269 /* EmployeeDetailViewController.swift in Sources */ = {isa = PBXBuildFile; fileRef = 819DF1D42A156C16001A3269 /* EmployeeDetailViewController.swift */; };
		819DF1D72A156FAF001A3269 /* AddUpdateEmployeeViewController.swift in Sources */ = {isa = PBXBuildFile; fileRef = 819DF1D62A156FAF001A3269 /* AddUpdateEmployeeViewController.swift */; };
/* End PBXBuildFile section */

/* Begin PBXFileReference section */
		810332D42A1390DA00390B7D /* StaffX.app */ = {isa = PBXFileReference; explicitFileType = wrapper.application; includeInIndex = 0; path = StaffX.app; sourceTree = BUILT_PRODUCTS_DIR; };
		810332D72A1390DA00390B7D /* AppDelegate.swift */ = {isa = PBXFileReference; lastKnownFileType = sourcecode.swift; path = AppDelegate.swift; sourceTree = "<group>"; };
		810332D92A1390DA00390B7D /* SceneDelegate.swift */ = {isa = PBXFileReference; lastKnownFileType = sourcecode.swift; path = SceneDelegate.swift; sourceTree = "<group>"; };
		810332E32A1390DB00390B7D /* Assets.xcassets */ = {isa = PBXFileReference; lastKnownFileType = folder.assetcatalog; path = Assets.xcassets; sourceTree = "<group>"; };
		810332E62A1390DB00390B7D /* Base */ = {isa = PBXFileReference; lastKnownFileType = file.storyboard; name = Base; path = Base.lproj/LaunchScreen.storyboard; sourceTree = "<group>"; };
		810332E82A1390DB00390B7D /* Info.plist */ = {isa = PBXFileReference; lastKnownFileType = text.plist.xml; path = Info.plist; sourceTree = "<group>"; };
		810332F22A13D11500390B7D /* EmployeesViewController.swift */ = {isa = PBXFileReference; lastKnownFileType = sourcecode.swift; path = EmployeesViewController.swift; sourceTree = "<group>"; };
		810333022A1417CB00390B7D /* EmployeeTableViewCell.swift */ = {isa = PBXFileReference; lastKnownFileType = sourcecode.swift; path = EmployeeTableViewCell.swift; sourceTree = "<group>"; };
		810333042A141A7600390B7D /* GoogleService-Info.plist */ = {isa = PBXFileReference; fileEncoding = 4; lastKnownFileType = text.plist.xml; path = "GoogleService-Info.plist"; sourceTree = "<group>"; };
		8103330B2A141E6400390B7D /* FirestoreManager.swift */ = {isa = PBXFileReference; lastKnownFileType = sourcecode.swift; path = FirestoreManager.swift; sourceTree = "<group>"; };
		8103330D2A1423F400390B7D /* EmployeeModel.swift */ = {isa = PBXFileReference; lastKnownFileType = sourcecode.swift; path = EmployeeModel.swift; sourceTree = "<group>"; };
		8103330F2A14240000390B7D /* DepartmentModel.swift */ = {isa = PBXFileReference; lastKnownFileType = sourcecode.swift; path = DepartmentModel.swift; sourceTree = "<group>"; };
		8170CB0F2A1628EC000EC80D /* AddUpdateEmployeeView.swift */ = {isa = PBXFileReference; lastKnownFileType = sourcecode.swift; path = AddUpdateEmployeeView.swift; sourceTree = "<group>"; };
		8191C7372A1904C800386342 /* EmployeesManager.swift */ = {isa = PBXFileReference; lastKnownFileType = sourcecode.swift; path = EmployeesManager.swift; sourceTree = "<group>"; };
		8191C73B2A19246600386342 /* DepartmentsViewModel.swift */ = {isa = PBXFileReference; lastKnownFileType = sourcecode.swift; path = DepartmentsViewModel.swift; sourceTree = "<group>"; };
		8191C74A2A1A3CAC00386342 /* EmployeesViewModel.swift */ = {isa = PBXFileReference; lastKnownFileType = sourcecode.swift; path = EmployeesViewModel.swift; sourceTree = "<group>"; };
		8191C74C2A1A466000386342 /* MainTabBarViewController.swift */ = {isa = PBXFileReference; lastKnownFileType = sourcecode.swift; path = MainTabBarViewController.swift; sourceTree = "<group>"; };
		8191C74E2A1A470800386342 /* DepartmentsViewController.swift */ = {isa = PBXFileReference; lastKnownFileType = sourcecode.swift; path = DepartmentsViewController.swift; sourceTree = "<group>"; };
		8191C7522A1A575E00386342 /* DepartmentTableViewCell.swift */ = {isa = PBXFileReference; fileEncoding = 4; lastKnownFileType = sourcecode.swift; path = DepartmentTableViewCell.swift; sourceTree = "<group>"; };
		819DF1D02A156B3B001A3269 /* EmployeeDetailedView.swift */ = {isa = PBXFileReference; lastKnownFileType = sourcecode.swift; path = EmployeeDetailedView.swift; sourceTree = "<group>"; };
		819DF1D42A156C16001A3269 /* EmployeeDetailViewController.swift */ = {isa = PBXFileReference; lastKnownFileType = sourcecode.swift; path = EmployeeDetailViewController.swift; sourceTree = "<group>"; };
		819DF1D62A156FAF001A3269 /* AddUpdateEmployeeViewController.swift */ = {isa = PBXFileReference; lastKnownFileType = sourcecode.swift; path = AddUpdateEmployeeViewController.swift; sourceTree = "<group>"; };
/* End PBXFileReference section */

/* Begin PBXFrameworksBuildPhase section */
		810332D12A1390DA00390B7D /* Frameworks */ = {
			isa = PBXFrameworksBuildPhase;
			buildActionMask = 2147483647;
			files = (
				810333082A141AFE00390B7D /* FirebaseFirestore in Frameworks */,
				8103330A2A141AFE00390B7D /* FirebaseFirestoreSwift in Frameworks */,
			);
			runOnlyForDeploymentPostprocessing = 0;
		};
/* End PBXFrameworksBuildPhase section */

/* Begin PBXGroup section */
		810332CB2A1390DA00390B7D = {
			isa = PBXGroup;
			children = (
				810332D62A1390DA00390B7D /* StaffX */,
				810332D52A1390DA00390B7D /* Products */,
			);
			sourceTree = "<group>";
		};
		810332D52A1390DA00390B7D /* Products */ = {
			isa = PBXGroup;
			children = (
				810332D42A1390DA00390B7D /* StaffX.app */,
			);
			name = Products;
			sourceTree = "<group>";
		};
		810332D62A1390DA00390B7D /* StaffX */ = {
			isa = PBXGroup;
			children = (
				810332F72A13D14700390B7D /* Views */,
				810332F62A13D13F00390B7D /* ViewControllers */,
				810332F52A13D13600390B7D /* ViewModels */,
				810332F42A13D13100390B7D /* Models */,
				810333112A14240800390B7D /* Managers */,
				810332D72A1390DA00390B7D /* AppDelegate.swift */,
				810332D92A1390DA00390B7D /* SceneDelegate.swift */,
				810332E32A1390DB00390B7D /* Assets.xcassets */,
				810332E52A1390DB00390B7D /* LaunchScreen.storyboard */,
				810332E82A1390DB00390B7D /* Info.plist */,
				810333042A141A7600390B7D /* GoogleService-Info.plist */,
			);
			path = StaffX;
			sourceTree = "<group>";
		};
		810332F42A13D13100390B7D /* Models */ = {
			isa = PBXGroup;
			children = (
				8103330F2A14240000390B7D /* DepartmentModel.swift */,
				8103330D2A1423F400390B7D /* EmployeeModel.swift */,
			);
			path = Models;
			sourceTree = "<group>";
		};
		810332F52A13D13600390B7D /* ViewModels */ = {
			isa = PBXGroup;
			children = (
				8191C74A2A1A3CAC00386342 /* EmployeesViewModel.swift */,
				8191C73B2A19246600386342 /* DepartmentsViewModel.swift */,
			);
			path = ViewModels;
			sourceTree = "<group>";
		};
		810332F62A13D13F00390B7D /* ViewControllers */ = {
			isa = PBXGroup;
			children = (
				8191C74C2A1A466000386342 /* MainTabBarViewController.swift */,
				8191C7502A1A4B8E00386342 /* Employees */,
				8191C7512A1A4B9D00386342 /* Departments */,
			);
			path = ViewControllers;
			sourceTree = "<group>";
		};
		810332F72A13D14700390B7D /* Views */ = {
			isa = PBXGroup;
			children = (
				8191C7522A1A575E00386342 /* DepartmentTableViewCell.swift */,
				810333022A1417CB00390B7D /* EmployeeTableViewCell.swift */,
				819DF1D02A156B3B001A3269 /* EmployeeDetailedView.swift */,
				8170CB0F2A1628EC000EC80D /* AddUpdateEmployeeView.swift */,
			);
			path = Views;
			sourceTree = "<group>";
		};
		810333112A14240800390B7D /* Managers */ = {
			isa = PBXGroup;
			children = (
				8191C7372A1904C800386342 /* EmployeesManager.swift */,
				8103330B2A141E6400390B7D /* FirestoreManager.swift */,
			);
			path = Managers;
			sourceTree = "<group>";
		};
		8191C7502A1A4B8E00386342 /* Employees */ = {
			isa = PBXGroup;
			children = (
				810332F22A13D11500390B7D /* EmployeesViewController.swift */,
				819DF1D42A156C16001A3269 /* EmployeeDetailViewController.swift */,
				819DF1D62A156FAF001A3269 /* AddUpdateEmployeeViewController.swift */,
			);
			path = Employees;
			sourceTree = "<group>";
		};
		8191C7512A1A4B9D00386342 /* Departments */ = {
			isa = PBXGroup;
			children = (
				8191C74E2A1A470800386342 /* DepartmentsViewController.swift */,
			);
			path = Departments;
			sourceTree = "<group>";
		};
/* End PBXGroup section */

/* Begin PBXNativeTarget section */
		810332D32A1390DA00390B7D /* StaffX */ = {
			isa = PBXNativeTarget;
			buildConfigurationList = 810332EB2A1390DB00390B7D /* Build configuration list for PBXNativeTarget "StaffX" */;
			buildPhases = (
				810332D02A1390DA00390B7D /* Sources */,
				810332D12A1390DA00390B7D /* Frameworks */,
				810332D22A1390DA00390B7D /* Resources */,
			);
			buildRules = (
			);
			dependencies = (
			);
			name = StaffX;
			packageProductDependencies = (
				810333072A141AFE00390B7D /* FirebaseFirestore */,
				810333092A141AFE00390B7D /* FirebaseFirestoreSwift */,
			);
			productName = StaffX;
			productReference = 810332D42A1390DA00390B7D /* StaffX.app */;
			productType = "com.apple.product-type.application";
		};
/* End PBXNativeTarget section */

/* Begin PBXProject section */
		810332CC2A1390DA00390B7D /* Project object */ = {
			isa = PBXProject;
			attributes = {
				BuildIndependentTargetsInParallel = 1;
				LastSwiftUpdateCheck = 1430;
				LastUpgradeCheck = 1430;
				TargetAttributes = {
					810332D32A1390DA00390B7D = {
						CreatedOnToolsVersion = 14.3;
					};
				};
			};
			buildConfigurationList = 810332CF2A1390DA00390B7D /* Build configuration list for PBXProject "StaffX" */;
			compatibilityVersion = "Xcode 14.0";
			developmentRegion = en;
			hasScannedForEncodings = 0;
			knownRegions = (
				en,
				Base,
			);
			mainGroup = 810332CB2A1390DA00390B7D;
			packageReferences = (
				810333062A141AFE00390B7D /* XCRemoteSwiftPackageReference "firebase-ios-sdk" */,
			);
			productRefGroup = 810332D52A1390DA00390B7D /* Products */;
			projectDirPath = "";
			projectRoot = "";
			targets = (
				810332D32A1390DA00390B7D /* StaffX */,
			);
		};
/* End PBXProject section */

/* Begin PBXResourcesBuildPhase section */
		810332D22A1390DA00390B7D /* Resources */ = {
			isa = PBXResourcesBuildPhase;
			buildActionMask = 2147483647;
			files = (
				810332E72A1390DB00390B7D /* LaunchScreen.storyboard in Resources */,
				810332E42A1390DB00390B7D /* Assets.xcassets in Resources */,
				810333052A141A7600390B7D /* GoogleService-Info.plist in Resources */,
			);
			runOnlyForDeploymentPostprocessing = 0;
		};
/* End PBXResourcesBuildPhase section */

/* Begin PBXSourcesBuildPhase section */
		810332D02A1390DA00390B7D /* Sources */ = {
			isa = PBXSourcesBuildPhase;
			buildActionMask = 2147483647;
			files = (
				810332D82A1390DA00390B7D /* AppDelegate.swift in Sources */,
				8103330C2A141E6400390B7D /* FirestoreManager.swift in Sources */,
				8191C73C2A19246600386342 /* DepartmentsViewModel.swift in Sources */,
				8103330E2A1423F400390B7D /* EmployeeModel.swift in Sources */,
				8191C74F2A1A470800386342 /* DepartmentsViewController.swift in Sources */,
				8191C74B2A1A3CAC00386342 /* EmployeesViewModel.swift in Sources */,
				810333102A14240000390B7D /* DepartmentModel.swift in Sources */,
				8191C7382A1904C800386342 /* EmployeesManager.swift in Sources */,
				810332DA2A1390DA00390B7D /* SceneDelegate.swift in Sources */,
				8191C7532A1A575E00386342 /* DepartmentTableViewCell.swift in Sources */,
				8191C74D2A1A466000386342 /* MainTabBarViewController.swift in Sources */,
				819DF1D12A156B3B001A3269 /* EmployeeDetailedView.swift in Sources */,
				810332F32A13D11500390B7D /* EmployeesViewController.swift in Sources */,
				810333032A1417CB00390B7D /* EmployeeTableViewCell.swift in Sources */,
				8170CB102A1628EC000EC80D /* AddUpdateEmployeeView.swift in Sources */,
				819DF1D72A156FAF001A3269 /* AddUpdateEmployeeViewController.swift in Sources */,
				819DF1D52A156C16001A3269 /* EmployeeDetailViewController.swift in Sources */,
			);
			runOnlyForDeploymentPostprocessing = 0;
		};
/* End PBXSourcesBuildPhase section */

/* Begin PBXVariantGroup section */
		810332E52A1390DB00390B7D /* LaunchScreen.storyboard */ = {
			isa = PBXVariantGroup;
			children = (
				810332E62A1390DB00390B7D /* Base */,
			);
			name = LaunchScreen.storyboard;
			sourceTree = "<group>";
		};
/* End PBXVariantGroup section */

/* Begin XCBuildConfiguration section */
		810332E92A1390DB00390B7D /* Debug */ = {
			isa = XCBuildConfiguration;
			buildSettings = {
				ALWAYS_SEARCH_USER_PATHS = NO;
				CLANG_ANALYZER_NONNULL = YES;
				CLANG_ANALYZER_NUMBER_OBJECT_CONVERSION = YES_AGGRESSIVE;
				CLANG_CXX_LANGUAGE_STANDARD = "gnu++20";
				CLANG_ENABLE_MODULES = YES;
				CLANG_ENABLE_OBJC_ARC = YES;
				CLANG_ENABLE_OBJC_WEAK = YES;
				CLANG_WARN_BLOCK_CAPTURE_AUTORELEASING = YES;
				CLANG_WARN_BOOL_CONVERSION = YES;
				CLANG_WARN_COMMA = YES;
				CLANG_WARN_CONSTANT_CONVERSION = YES;
				CLANG_WARN_DEPRECATED_OBJC_IMPLEMENTATIONS = YES;
				CLANG_WARN_DIRECT_OBJC_ISA_USAGE = YES_ERROR;
				CLANG_WARN_DOCUMENTATION_COMMENTS = YES;
				CLANG_WARN_EMPTY_BODY = YES;
				CLANG_WARN_ENUM_CONVERSION = YES;
				CLANG_WARN_INFINITE_RECURSION = YES;
				CLANG_WARN_INT_CONVERSION = YES;
				CLANG_WARN_NON_LITERAL_NULL_CONVERSION = YES;
				CLANG_WARN_OBJC_IMPLICIT_RETAIN_SELF = YES;
				CLANG_WARN_OBJC_LITERAL_CONVERSION = YES;
				CLANG_WARN_OBJC_ROOT_CLASS = YES_ERROR;
				CLANG_WARN_QUOTED_INCLUDE_IN_FRAMEWORK_HEADER = YES;
				CLANG_WARN_RANGE_LOOP_ANALYSIS = YES;
				CLANG_WARN_STRICT_PROTOTYPES = YES;
				CLANG_WARN_SUSPICIOUS_MOVE = YES;
				CLANG_WARN_UNGUARDED_AVAILABILITY = YES_AGGRESSIVE;
				CLANG_WARN_UNREACHABLE_CODE = YES;
				CLANG_WARN__DUPLICATE_METHOD_MATCH = YES;
				COPY_PHASE_STRIP = NO;
				DEBUG_INFORMATION_FORMAT = dwarf;
				ENABLE_STRICT_OBJC_MSGSEND = YES;
				ENABLE_TESTABILITY = YES;
				GCC_C_LANGUAGE_STANDARD = gnu11;
				GCC_DYNAMIC_NO_PIC = NO;
				GCC_NO_COMMON_BLOCKS = YES;
				GCC_OPTIMIZATION_LEVEL = 0;
				GCC_PREPROCESSOR_DEFINITIONS = (
					"DEBUG=1",
					"$(inherited)",
				);
				GCC_WARN_64_TO_32_BIT_CONVERSION = YES;
				GCC_WARN_ABOUT_RETURN_TYPE = YES_ERROR;
				GCC_WARN_UNDECLARED_SELECTOR = YES;
				GCC_WARN_UNINITIALIZED_AUTOS = YES_AGGRESSIVE;
				GCC_WARN_UNUSED_FUNCTION = YES;
				GCC_WARN_UNUSED_VARIABLE = YES;
				IPHONEOS_DEPLOYMENT_TARGET = 16.4;
				MTL_ENABLE_DEBUG_INFO = INCLUDE_SOURCE;
				MTL_FAST_MATH = YES;
				ONLY_ACTIVE_ARCH = YES;
				SDKROOT = iphoneos;
				SWIFT_ACTIVE_COMPILATION_CONDITIONS = DEBUG;
				SWIFT_OPTIMIZATION_LEVEL = "-Onone";
			};
			name = Debug;
		};
		810332EA2A1390DB00390B7D /* Release */ = {
			isa = XCBuildConfiguration;
			buildSettings = {
				ALWAYS_SEARCH_USER_PATHS = NO;
				CLANG_ANALYZER_NONNULL = YES;
				CLANG_ANALYZER_NUMBER_OBJECT_CONVERSION = YES_AGGRESSIVE;
				CLANG_CXX_LANGUAGE_STANDARD = "gnu++20";
				CLANG_ENABLE_MODULES = YES;
				CLANG_ENABLE_OBJC_ARC = YES;
				CLANG_ENABLE_OBJC_WEAK = YES;
				CLANG_WARN_BLOCK_CAPTURE_AUTORELEASING = YES;
				CLANG_WARN_BOOL_CONVERSION = YES;
				CLANG_WARN_COMMA = YES;
				CLANG_WARN_CONSTANT_CONVERSION = YES;
				CLANG_WARN_DEPRECATED_OBJC_IMPLEMENTATIONS = YES;
				CLANG_WARN_DIRECT_OBJC_ISA_USAGE = YES_ERROR;
				CLANG_WARN_DOCUMENTATION_COMMENTS = YES;
				CLANG_WARN_EMPTY_BODY = YES;
				CLANG_WARN_ENUM_CONVERSION = YES;
				CLANG_WARN_INFINITE_RECURSION = YES;
				CLANG_WARN_INT_CONVERSION = YES;
				CLANG_WARN_NON_LITERAL_NULL_CONVERSION = YES;
				CLANG_WARN_OBJC_IMPLICIT_RETAIN_SELF = YES;
				CLANG_WARN_OBJC_LITERAL_CONVERSION = YES;
				CLANG_WARN_OBJC_ROOT_CLASS = YES_ERROR;
				CLANG_WARN_QUOTED_INCLUDE_IN_FRAMEWORK_HEADER = YES;
				CLANG_WARN_RANGE_LOOP_ANALYSIS = YES;
				CLANG_WARN_STRICT_PROTOTYPES = YES;
				CLANG_WARN_SUSPICIOUS_MOVE = YES;
				CLANG_WARN_UNGUARDED_AVAILABILITY = YES_AGGRESSIVE;
				CLANG_WARN_UNREACHABLE_CODE = YES;
				CLANG_WARN__DUPLICATE_METHOD_MATCH = YES;
				COPY_PHASE_STRIP = NO;
				DEBUG_INFORMATION_FORMAT = "dwarf-with-dsym";
				ENABLE_NS_ASSERTIONS = NO;
				ENABLE_STRICT_OBJC_MSGSEND = YES;
				GCC_C_LANGUAGE_STANDARD = gnu11;
				GCC_NO_COMMON_BLOCKS = YES;
				GCC_WARN_64_TO_32_BIT_CONVERSION = YES;
				GCC_WARN_ABOUT_RETURN_TYPE = YES_ERROR;
				GCC_WARN_UNDECLARED_SELECTOR = YES;
				GCC_WARN_UNINITIALIZED_AUTOS = YES_AGGRESSIVE;
				GCC_WARN_UNUSED_FUNCTION = YES;
				GCC_WARN_UNUSED_VARIABLE = YES;
				IPHONEOS_DEPLOYMENT_TARGET = 16.4;
				MTL_ENABLE_DEBUG_INFO = NO;
				MTL_FAST_MATH = YES;
				SDKROOT = iphoneos;
				SWIFT_COMPILATION_MODE = wholemodule;
				SWIFT_OPTIMIZATION_LEVEL = "-O";
				VALIDATE_PRODUCT = YES;
			};
			name = Release;
		};
		810332EC2A1390DB00390B7D /* Debug */ = {
			isa = XCBuildConfiguration;
			buildSettings = {
				ASSETCATALOG_COMPILER_APPICON_NAME = AppIcon;
				ASSETCATALOG_COMPILER_GLOBAL_ACCENT_COLOR_NAME = AccentColor;
				CODE_SIGN_STYLE = Automatic;
				CURRENT_PROJECT_VERSION = 1;
				DEVELOPMENT_TEAM = MWQ8P93RWJ;
				GENERATE_INFOPLIST_FILE = YES;
				INFOPLIST_FILE = StaffX/Info.plist;
				INFOPLIST_KEY_UIApplicationSupportsIndirectInputEvents = YES;
				INFOPLIST_KEY_UILaunchStoryboardName = LaunchScreen;
				INFOPLIST_KEY_UIMainStoryboardFile = "";
				INFOPLIST_KEY_UISupportedInterfaceOrientations = UIInterfaceOrientationPortrait;
				INFOPLIST_KEY_UISupportedInterfaceOrientations_iPad = "UIInterfaceOrientationLandscapeLeft UIInterfaceOrientationLandscapeRight UIInterfaceOrientationPortrait UIInterfaceOrientationPortraitUpsideDown";
				IPHONEOS_DEPLOYMENT_TARGET = 15.0;
				LD_RUNPATH_SEARCH_PATHS = (
					"$(inherited)",
					"@executable_path/Frameworks",
				);
				MARKETING_VERSION = 1.0;
				PRODUCT_BUNDLE_IDENTIFIER = com.danyloternovoi.StaffX;
				PRODUCT_NAME = "$(TARGET_NAME)";
				SUPPORTED_PLATFORMS = "iphoneos iphonesimulator";
				SUPPORTS_MACCATALYST = NO;
				SUPPORTS_MAC_DESIGNED_FOR_IPHONE_IPAD = NO;
				SWIFT_EMIT_LOC_STRINGS = YES;
				SWIFT_VERSION = 5.0;
				TARGETED_DEVICE_FAMILY = 1;
			};
			name = Debug;
		};
		810332ED2A1390DB00390B7D /* Release */ = {
			isa = XCBuildConfiguration;
			buildSettings = {
				ASSETCATALOG_COMPILER_APPICON_NAME = AppIcon;
				ASSETCATALOG_COMPILER_GLOBAL_ACCENT_COLOR_NAME = AccentColor;
				CODE_SIGN_STYLE = Automatic;
				CURRENT_PROJECT_VERSION = 1;
				DEVELOPMENT_TEAM = MWQ8P93RWJ;
				GENERATE_INFOPLIST_FILE = YES;
				INFOPLIST_FILE = StaffX/Info.plist;
				INFOPLIST_KEY_UIApplicationSupportsIndirectInputEvents = YES;
				INFOPLIST_KEY_UILaunchStoryboardName = LaunchScreen;
				INFOPLIST_KEY_UIMainStoryboardFile = "";
				INFOPLIST_KEY_UISupportedInterfaceOrientations = UIInterfaceOrientationPortrait;
				INFOPLIST_KEY_UISupportedInterfaceOrientations_iPad = "UIInterfaceOrientationLandscapeLeft UIInterfaceOrientationLandscapeRight UIInterfaceOrientationPortrait UIInterfaceOrientationPortraitUpsideDown";
				IPHONEOS_DEPLOYMENT_TARGET = 15.0;
				LD_RUNPATH_SEARCH_PATHS = (
					"$(inherited)",
					"@executable_path/Frameworks",
				);
				MARKETING_VERSION = 1.0;
				PRODUCT_BUNDLE_IDENTIFIER = com.danyloternovoi.StaffX;
				PRODUCT_NAME = "$(TARGET_NAME)";
				SUPPORTED_PLATFORMS = "iphoneos iphonesimulator";
				SUPPORTS_MACCATALYST = NO;
				SUPPORTS_MAC_DESIGNED_FOR_IPHONE_IPAD = NO;
				SWIFT_EMIT_LOC_STRINGS = YES;
				SWIFT_VERSION = 5.0;
				TARGETED_DEVICE_FAMILY = 1;
			};
			name = Release;
		};
/* End XCBuildConfiguration section */

/* Begin XCConfigurationList section */
		810332CF2A1390DA00390B7D /* Build configuration list for PBXProject "StaffX" */ = {
			isa = XCConfigurationList;
			buildConfigurations = (
				810332E92A1390DB00390B7D /* Debug */,
				810332EA2A1390DB00390B7D /* Release */,
			);
			defaultConfigurationIsVisible = 0;
			defaultConfigurationName = Release;
		};
		810332EB2A1390DB00390B7D /* Build configuration list for PBXNativeTarget "StaffX" */ = {
			isa = XCConfigurationList;
			buildConfigurations = (
				810332EC2A1390DB00390B7D /* Debug */,
				810332ED2A1390DB00390B7D /* Release */,
			);
			defaultConfigurationIsVisible = 0;
			defaultConfigurationName = Release;
		};
/* End XCConfigurationList section */

/* Begin XCRemoteSwiftPackageReference section */
		810333062A141AFE00390B7D /* XCRemoteSwiftPackageReference "firebase-ios-sdk" */ = {
			isa = XCRemoteSwiftPackageReference;
			repositoryURL = "https://github.com/firebase/firebase-ios-sdk";
			requirement = {
				kind = upToNextMajorVersion;
				minimumVersion = 10.0.0;
			};
		};
/* End XCRemoteSwiftPackageReference section */

/* Begin XCSwiftPackageProductDependency section */
		810333072A141AFE00390B7D /* FirebaseFirestore */ = {
			isa = XCSwiftPackageProductDependency;
			package = 810333062A141AFE00390B7D /* XCRemoteSwiftPackageReference "firebase-ios-sdk" */;
			productName = FirebaseFirestore;
		};
		810333092A141AFE00390B7D /* FirebaseFirestoreSwift */ = {
			isa = XCSwiftPackageProductDependency;
			package = 810333062A141AFE00390B7D /* XCRemoteSwiftPackageReference "firebase-ios-sdk" */;
			productName = FirebaseFirestoreSwift;
		};
/* End XCSwiftPackageProductDependency section */
	};
	rootObject = 810332CC2A1390DA00390B7D /* Project object */;
}
